
Microsoft Visual Studio Solution File, Format Version 12.00
# Visual Studio Version 17
VisualStudioVersion = 17.2.32616.157
MinimumVisualStudioVersion = 10.0.40219.1
Project("{8BC9CEB8-8B4A-11D0-8D11-00A0C91BC942}") = "demo_o1", "demo_o1.vcxproj", "{86472367-E385-4570-99EB-F6ECD204DCEF}"
EndProject
Global
	GlobalSection(SolutionConfigurationPlatforms) = preSolution
		Debug|x64 = Debug|x64
		Debug|x86 = Debug|x86
		Release|x64 = Release|x64
		Release|x86 = Release|x86
	EndGlobalSection
	GlobalSection(ProjectConfigurationPlatforms) = postSolution
		{86472367-E385-4570-99EB-F6ECD204DCEF}.Debug|x64.ActiveCfg = Debug|x64
		{86472367-E385-4570-99EB-F6ECD204DCEF}.Debug|x64.Build.0 = Debug|x64
		{86472367-E385-4570-99EB-F6ECD204DCEF}.Debug|x86.ActiveCfg = Debug|Win32
		{86472367-E385-4570-99EB-F6ECD204DCEF}.Debug|x86.Build.0 = Debug|Win32
		{86472367-E385-4570-99EB-F6ECD204DCEF}.Release|x64.ActiveCfg = Release|x64
		{86472367-E385-4570-99EB-F6ECD204DCEF}.Release|x64.Build.0 = Release|x64
		{86472367-E385-4570-99EB-F6ECD204DCEF}.Release|x86.ActiveCfg = Release|Win32
		{86472367-E385-4570-99EB-F6ECD204DCEF}.Release|x86.Build.0 = Release|Win32
	EndGlobalSection
	GlobalSection(SolutionProperties) = preSolution
		HideSolutionNode = FALSE
	EndGlobalSection
	GlobalSection(ExtensibilityGlobals) = postSolution
		SolutionGuid = {6C77001C-6F43-4712-B2F6-01080D739671}
	EndGlobalSection
EndGlobal
